// !$*UTF8*$!
{
	archiveVersion = 1;
	classes = {
	};
	objectVersion = 55;
	objects = {

/* Begin PBXBuildFile section */
		3B037FBE2910667E00856AB7 /* FirebaseAuth in Frameworks */ = {isa = PBXBuildFile; productRef = 3B037FBD2910667E00856AB7 /* FirebaseAuth */; };
		3B8CCC0C291EE3EC004847B7 /* Usuario.swift in Sources */ = {isa = PBXBuildFile; fileRef = 3B8CCC0B291EE3EC004847B7 /* Usuario.swift */; };
		3B933A2C291998A90062DDA3 /* SnapsViewController.swift in Sources */ = {isa = PBXBuildFile; fileRef = 3B933A2B291998A90062DDA3 /* SnapsViewController.swift */; };
		3B933A2E29199F040062DDA3 /* ImagenViewController.swift in Sources */ = {isa = PBXBuildFile; fileRef = 3B933A2D29199F040062DDA3 /* ImagenViewController.swift */; };
		3B933A312919AE780062DDA3 /* FirebaseAnalytics in Frameworks */ = {isa = PBXBuildFile; productRef = 3B933A302919AE780062DDA3 /* FirebaseAnalytics */; };
		3B933A332919AE780062DDA3 /* FirebaseAnalyticsWithoutAdIdSupport in Frameworks */ = {isa = PBXBuildFile; productRef = 3B933A322919AE780062DDA3 /* FirebaseAnalyticsWithoutAdIdSupport */; };
		3B933A352919AE780062DDA3 /* FirebaseAuth in Frameworks */ = {isa = PBXBuildFile; productRef = 3B933A342919AE780062DDA3 /* FirebaseAuth */; };
		3B933A372919AE780062DDA3 /* FirebaseDatabase in Frameworks */ = {isa = PBXBuildFile; productRef = 3B933A362919AE780062DDA3 /* FirebaseDatabase */; };
		3B933A392919AE780062DDA3 /* FirebaseStorage in Frameworks */ = {isa = PBXBuildFile; productRef = 3B933A382919AE780062DDA3 /* FirebaseStorage */; };
		3B933A3B2919B6EC0062DDA3 /* ElegirUsuarioViewController.swift in Sources */ = {isa = PBXBuildFile; fileRef = 3B933A3A2919B6EC0062DDA3 /* ElegirUsuarioViewController.swift */; };
		3B94DDD629104CA800CA9A20 /* AppDelegate.swift in Sources */ = {isa = PBXBuildFile; fileRef = 3B94DDD529104CA800CA9A20 /* AppDelegate.swift */; };
		3B94DDD829104CA800CA9A20 /* SceneDelegate.swift in Sources */ = {isa = PBXBuildFile; fileRef = 3B94DDD729104CA800CA9A20 /* SceneDelegate.swift */; };
		3B94DDDA29104CA800CA9A20 /* iniciarSesionViewController.swift in Sources */ = {isa = PBXBuildFile; fileRef = 3B94DDD929104CA800CA9A20 /* iniciarSesionViewController.swift */; };
		3B94DDDD29104CA800CA9A20 /* Main.storyboard in Resources */ = {isa = PBXBuildFile; fileRef = 3B94DDDB29104CA800CA9A20 /* Main.storyboard */; };
		3B94DDDF29104CA800CA9A20 /* Assets.xcassets in Resources */ = {isa = PBXBuildFile; fileRef = 3B94DDDE29104CA800CA9A20 /* Assets.xcassets */; };
		3B94DDE229104CA800CA9A20 /* LaunchScreen.storyboard in Resources */ = {isa = PBXBuildFile; fileRef = 3B94DDE029104CA800CA9A20 /* LaunchScreen.storyboard */; };
		3B94DDEA29104F3A00CA9A20 /* GoogleService-Info.plist in Resources */ = {isa = PBXBuildFile; fileRef = 3B94DDE929104F3A00CA9A20 /* GoogleService-Info.plist */; };
		3BACF5C32922D1C3008A196F /* Snap.swift in Sources */ = {isa = PBXBuildFile; fileRef = 3BACF5C22922D1C3008A196F /* Snap.swift */; };
		3BACF5C52922D851008A196F /* VerSnapViewController.swift in Sources */ = {isa = PBXBuildFile; fileRef = 3BACF5C42922D851008A196F /* VerSnapViewController.swift */; };
		3BACF5C82922DD60008A196F /* SDWebImage in Frameworks */ = {isa = PBXBuildFile; productRef = 3BACF5C72922DD60008A196F /* SDWebImage */; };
/* End PBXBuildFile section */

/* Begin PBXFileReference section */
		3B8CCC0B291EE3EC004847B7 /* Usuario.swift */ = {isa = PBXFileReference; lastKnownFileType = sourcecode.swift; path = Usuario.swift; sourceTree = "<group>"; };
		3B933A2B291998A90062DDA3 /* SnapsViewController.swift */ = {isa = PBXFileReference; lastKnownFileType = sourcecode.swift; path = SnapsViewController.swift; sourceTree = "<group>"; };
		3B933A2D29199F040062DDA3 /* ImagenViewController.swift */ = {isa = PBXFileReference; lastKnownFileType = sourcecode.swift; path = ImagenViewController.swift; sourceTree = "<group>"; };
		3B933A3A2919B6EC0062DDA3 /* ElegirUsuarioViewController.swift */ = {isa = PBXFileReference; lastKnownFileType = sourcecode.swift; path = ElegirUsuarioViewController.swift; sourceTree = "<group>"; };
		3B94DDD229104CA800CA9A20 /* chullunquiaCarlosSnapchat.app */ = {isa = PBXFileReference; explicitFileType = wrapper.application; includeInIndex = 0; path = chullunquiaCarlosSnapchat.app; sourceTree = BUILT_PRODUCTS_DIR; };
		3B94DDD529104CA800CA9A20 /* AppDelegate.swift */ = {isa = PBXFileReference; lastKnownFileType = sourcecode.swift; path = AppDelegate.swift; sourceTree = "<group>"; };
		3B94DDD729104CA800CA9A20 /* SceneDelegate.swift */ = {isa = PBXFileReference; lastKnownFileType = sourcecode.swift; path = SceneDelegate.swift; sourceTree = "<group>"; };
		3B94DDD929104CA800CA9A20 /* iniciarSesionViewController.swift */ = {isa = PBXFileReference; lastKnownFileType = sourcecode.swift; path = iniciarSesionViewController.swift; sourceTree = "<group>"; };
		3B94DDDC29104CA800CA9A20 /* Base */ = {isa = PBXFileReference; lastKnownFileType = file.storyboard; name = Base; path = Base.lproj/Main.storyboard; sourceTree = "<group>"; };
		3B94DDDE29104CA800CA9A20 /* Assets.xcassets */ = {isa = PBXFileReference; lastKnownFileType = folder.assetcatalog; path = Assets.xcassets; sourceTree = "<group>"; };
		3B94DDE129104CA800CA9A20 /* Base */ = {isa = PBXFileReference; lastKnownFileType = file.storyboard; name = Base; path = Base.lproj/LaunchScreen.storyboard; sourceTree = "<group>"; };
		3B94DDE329104CA800CA9A20 /* Info.plist */ = {isa = PBXFileReference; lastKnownFileType = text.plist.xml; path = Info.plist; sourceTree = "<group>"; };
		3B94DDE929104F3A00CA9A20 /* GoogleService-Info.plist */ = {isa = PBXFileReference; fileEncoding = 4; lastKnownFileType = text.plist.xml; path = "GoogleService-Info.plist"; sourceTree = "<group>"; };
		3BACF5C22922D1C3008A196F /* Snap.swift */ = {isa = PBXFileReference; lastKnownFileType = sourcecode.swift; path = Snap.swift; sourceTree = "<group>"; };
		3BACF5C42922D851008A196F /* VerSnapViewController.swift */ = {isa = PBXFileReference; lastKnownFileType = sourcecode.swift; path = VerSnapViewController.swift; sourceTree = "<group>"; };
/* End PBXFileReference section */

/* Begin PBXFrameworksBuildPhase section */
		3B94DDCF29104CA800CA9A20 /* Frameworks */ = {
			isa = PBXFrameworksBuildPhase;
			buildActionMask = 2147483647;
			files = (
				3B933A372919AE780062DDA3 /* FirebaseDatabase in Frameworks */,
				3B933A312919AE780062DDA3 /* FirebaseAnalytics in Frameworks */,
				3B933A332919AE780062DDA3 /* FirebaseAnalyticsWithoutAdIdSupport in Frameworks */,
				3BACF5C82922DD60008A196F /* SDWebImage in Frameworks */,
				3B037FBE2910667E00856AB7 /* FirebaseAuth in Frameworks */,
				3B933A352919AE780062DDA3 /* FirebaseAuth in Frameworks */,
				3B933A392919AE780062DDA3 /* FirebaseStorage in Frameworks */,
			);
			runOnlyForDeploymentPostprocessing = 0;
		};
/* End PBXFrameworksBuildPhase section */

/* Begin PBXGroup section */
		3B8CCC09291EE356004847B7 /* ViewControllers */ = {
			isa = PBXGroup;
			children = (
				3B94DDD929104CA800CA9A20 /* iniciarSesionViewController.swift */,
				3B933A2B291998A90062DDA3 /* SnapsViewController.swift */,
				3B933A3A2919B6EC0062DDA3 /* ElegirUsuarioViewController.swift */,
				3B933A2D29199F040062DDA3 /* ImagenViewController.swift */,
				3BACF5C42922D851008A196F /* VerSnapViewController.swift */,
			);
			path = ViewControllers;
			sourceTree = "<group>";
		};
		3B8CCC0A291EE3C2004847B7 /* Modelos */ = {
			isa = PBXGroup;
			children = (
				3B8CCC0B291EE3EC004847B7 /* Usuario.swift */,
				3BACF5C22922D1C3008A196F /* Snap.swift */,
			);
			path = Modelos;
			sourceTree = "<group>";
		};
		3B94DDC929104CA800CA9A20 = {
			isa = PBXGroup;
			children = (
				3B94DDD429104CA800CA9A20 /* chullunquiaCarlosSnapchat */,
				3B94DDD329104CA800CA9A20 /* Products */,
			);
			sourceTree = "<group>";
		};
		3B94DDD329104CA800CA9A20 /* Products */ = {
			isa = PBXGroup;
			children = (
				3B94DDD229104CA800CA9A20 /* chullunquiaCarlosSnapchat.app */,
			);
			name = Products;
			sourceTree = "<group>";
		};
		3B94DDD429104CA800CA9A20 /* chullunquiaCarlosSnapchat */ = {
			isa = PBXGroup;
			children = (
				3B8CCC0A291EE3C2004847B7 /* Modelos */,
				3B8CCC09291EE356004847B7 /* ViewControllers */,
				3B94DDE929104F3A00CA9A20 /* GoogleService-Info.plist */,
				3B94DDD529104CA800CA9A20 /* AppDelegate.swift */,
				3B94DDD729104CA800CA9A20 /* SceneDelegate.swift */,
				3B94DDDB29104CA800CA9A20 /* Main.storyboard */,
				3B94DDDE29104CA800CA9A20 /* Assets.xcassets */,
				3B94DDE029104CA800CA9A20 /* LaunchScreen.storyboard */,
				3B94DDE329104CA800CA9A20 /* Info.plist */,
			);
			path = chullunquiaCarlosSnapchat;
			sourceTree = "<group>";
		};
/* End PBXGroup section */

/* Begin PBXNativeTarget section */
		3B94DDD129104CA800CA9A20 /* chullunquiaCarlosSnapchat */ = {
			isa = PBXNativeTarget;
			buildConfigurationList = 3B94DDE629104CA800CA9A20 /* Build configuration list for PBXNativeTarget "chullunquiaCarlosSnapchat" */;
			buildPhases = (
				3B94DDCE29104CA800CA9A20 /* Sources */,
				3B94DDCF29104CA800CA9A20 /* Frameworks */,
				3B94DDD029104CA800CA9A20 /* Resources */,
			);
			buildRules = (
			);
			dependencies = (
			);
			name = chullunquiaCarlosSnapchat;
			packageProductDependencies = (
				3B037FBD2910667E00856AB7 /* FirebaseAuth */,
				3B933A302919AE780062DDA3 /* FirebaseAnalytics */,
				3B933A322919AE780062DDA3 /* FirebaseAnalyticsWithoutAdIdSupport */,
				3B933A342919AE780062DDA3 /* FirebaseAuth */,
				3B933A362919AE780062DDA3 /* FirebaseDatabase */,
				3B933A382919AE780062DDA3 /* FirebaseStorage */,
				3BACF5C72922DD60008A196F /* SDWebImage */,
			);
			productName = chullunquiaCarlosSnapchat;
			productReference = 3B94DDD229104CA800CA9A20 /* chullunquiaCarlosSnapchat.app */;
			productType = "com.apple.product-type.application";
		};
/* End PBXNativeTarget section */

/* Begin PBXProject section */
		3B94DDCA29104CA800CA9A20 /* Project object */ = {
			isa = PBXProject;
			attributes = {
				BuildIndependentTargetsInParallel = 1;
				LastSwiftUpdateCheck = 1340;
				LastUpgradeCheck = 1340;
				TargetAttributes = {
					3B94DDD129104CA800CA9A20 = {
						CreatedOnToolsVersion = 13.4.1;
					};
				};
			};
			buildConfigurationList = 3B94DDCD29104CA800CA9A20 /* Build configuration list for PBXProject "chullunquiaCarlosSnapchat" */;
			compatibilityVersion = "Xcode 13.0";
			developmentRegion = en;
			hasScannedForEncodings = 0;
			knownRegions = (
				en,
				Base,
			);
			mainGroup = 3B94DDC929104CA800CA9A20;
			packageReferences = (
				3B037FBC2910667E00856AB7 /* XCRemoteSwiftPackageReference "firebase-ios-sdk" */,
				3B933A2F2919AE780062DDA3 /* XCRemoteSwiftPackageReference "firebase-ios-sdk" */,
				3BACF5C62922DD60008A196F /* XCRemoteSwiftPackageReference "SDWebImage" */,
			);
			productRefGroup = 3B94DDD329104CA800CA9A20 /* Products */;
			projectDirPath = "";
			projectRoot = "";
			targets = (
				3B94DDD129104CA800CA9A20 /* chullunquiaCarlosSnapchat */,
			);
		};
/* End PBXProject section */

/* Begin PBXResourcesBuildPhase section */
		3B94DDD029104CA800CA9A20 /* Resources */ = {
			isa = PBXResourcesBuildPhase;
			buildActionMask = 2147483647;
			files = (
				3B94DDE229104CA800CA9A20 /* LaunchScreen.storyboard in Resources */,
				3B94DDEA29104F3A00CA9A20 /* GoogleService-Info.plist in Resources */,
				3B94DDDF29104CA800CA9A20 /* Assets.xcassets in Resources */,
				3B94DDDD29104CA800CA9A20 /* Main.storyboard in Resources */,
			);
			runOnlyForDeploymentPostprocessing = 0;
		};
/* End PBXResourcesBuildPhase section */

/* Begin PBXSourcesBuildPhase section */
		3B94DDCE29104CA800CA9A20 /* Sources */ = {
			isa = PBXSourcesBuildPhase;
			buildActionMask = 2147483647;
			files = (
				3B933A2C291998A90062DDA3 /* SnapsViewController.swift in Sources */,
				3B933A2E29199F040062DDA3 /* ImagenViewController.swift in Sources */,
				3B8CCC0C291EE3EC004847B7 /* Usuario.swift in Sources */,
				3B94DDDA29104CA800CA9A20 /* iniciarSesionViewController.swift in Sources */,
				3BACF5C52922D851008A196F /* VerSnapViewController.swift in Sources */,
				3B94DDD629104CA800CA9A20 /* AppDelegate.swift in Sources */,
				3B94DDD829104CA800CA9A20 /* SceneDelegate.swift in Sources */,
				3B933A3B2919B6EC0062DDA3 /* ElegirUsuarioViewController.swift in Sources */,
				3BACF5C32922D1C3008A196F /* Snap.swift in Sources */,
			);
			runOnlyForDeploymentPostprocessing = 0;
		};
/* End PBXSourcesBuildPhase section */

/* Begin PBXVariantGroup section */
		3B94DDDB29104CA800CA9A20 /* Main.storyboard */ = {
			isa = PBXVariantGroup;
			children = (
				3B94DDDC29104CA800CA9A20 /* Base */,
			);
			name = Main.storyboard;
			sourceTree = "<group>";
		};
		3B94DDE029104CA800CA9A20 /* LaunchScreen.storyboard */ = {
			isa = PBXVariantGroup;
			children = (
				3B94DDE129104CA800CA9A20 /* Base */,
			);
			name = LaunchScreen.storyboard;
			sourceTree = "<group>";
		};
/* End PBXVariantGroup section */

/* Begin XCBuildConfiguration section */
		3B94DDE429104CA800CA9A20 /* Debug */ = {
			isa = XCBuildConfiguration;
			buildSettings = {
				ALWAYS_SEARCH_USER_PATHS = NO;
				CLANG_ANALYZER_NONNULL = YES;
				CLANG_ANALYZER_NUMBER_OBJECT_CONVERSION = YES_AGGRESSIVE;
				CLANG_CXX_LANGUAGE_STANDARD = "gnu++17";
				CLANG_ENABLE_MODULES = YES;
				CLANG_ENABLE_OBJC_ARC = YES;
				CLANG_ENABLE_OBJC_WEAK = YES;
				CLANG_WARN_BLOCK_CAPTURE_AUTORELEASING = YES;
				CLANG_WARN_BOOL_CONVERSION = YES;
				CLANG_WARN_COMMA = YES;
				CLANG_WARN_CONSTANT_CONVERSION = YES;
				CLANG_WARN_DEPRECATED_OBJC_IMPLEMENTATIONS = YES;
				CLANG_WARN_DIRECT_OBJC_ISA_USAGE = YES_ERROR;
				CLANG_WARN_DOCUMENTATION_COMMENTS = YES;
				CLANG_WARN_EMPTY_BODY = YES;
				CLANG_WARN_ENUM_CONVERSION = YES;
				CLANG_WARN_INFINITE_RECURSION = YES;
				CLANG_WARN_INT_CONVERSION = YES;
				CLANG_WARN_NON_LITERAL_NULL_CONVERSION = YES;
				CLANG_WARN_OBJC_IMPLICIT_RETAIN_SELF = YES;
				CLANG_WARN_OBJC_LITERAL_CONVERSION = YES;
				CLANG_WARN_OBJC_ROOT_CLASS = YES_ERROR;
				CLANG_WARN_QUOTED_INCLUDE_IN_FRAMEWORK_HEADER = YES;
				CLANG_WARN_RANGE_LOOP_ANALYSIS = YES;
				CLANG_WARN_STRICT_PROTOTYPES = YES;
				CLANG_WARN_SUSPICIOUS_MOVE = YES;
				CLANG_WARN_UNGUARDED_AVAILABILITY = YES_AGGRESSIVE;
				CLANG_WARN_UNREACHABLE_CODE = YES;
				CLANG_WARN__DUPLICATE_METHOD_MATCH = YES;
				COPY_PHASE_STRIP = NO;
				DEBUG_INFORMATION_FORMAT = dwarf;
				ENABLE_STRICT_OBJC_MSGSEND = YES;
				ENABLE_TESTABILITY = YES;
				GCC_C_LANGUAGE_STANDARD = gnu11;
				GCC_DYNAMIC_NO_PIC = NO;
				GCC_NO_COMMON_BLOCKS = YES;
				GCC_OPTIMIZATION_LEVEL = 0;
				GCC_PREPROCESSOR_DEFINITIONS = (
					"DEBUG=1",
					"$(inherited)",
				);
				GCC_WARN_64_TO_32_BIT_CONVERSION = YES;
				GCC_WARN_ABOUT_RETURN_TYPE = YES_ERROR;
				GCC_WARN_UNDECLARED_SELECTOR = YES;
				GCC_WARN_UNINITIALIZED_AUTOS = YES_AGGRESSIVE;
				GCC_WARN_UNUSED_FUNCTION = YES;
				GCC_WARN_UNUSED_VARIABLE = YES;
				IPHONEOS_DEPLOYMENT_TARGET = 15.5;
				MTL_ENABLE_DEBUG_INFO = INCLUDE_SOURCE;
				MTL_FAST_MATH = YES;
				ONLY_ACTIVE_ARCH = YES;
				SDKROOT = iphoneos;
				SWIFT_ACTIVE_COMPILATION_CONDITIONS = DEBUG;
				SWIFT_OPTIMIZATION_LEVEL = "-Onone";
			};
			name = Debug;
		};
		3B94DDE529104CA800CA9A20 /* Release */ = {
			isa = XCBuildConfiguration;
			buildSettings = {
				ALWAYS_SEARCH_USER_PATHS = NO;
				CLANG_ANALYZER_NONNULL = YES;
				CLANG_ANALYZER_NUMBER_OBJECT_CONVERSION = YES_AGGRESSIVE;
				CLANG_CXX_LANGUAGE_STANDARD = "gnu++17";
				CLANG_ENABLE_MODULES = YES;
				CLANG_ENABLE_OBJC_ARC = YES;
				CLANG_ENABLE_OBJC_WEAK = YES;
				CLANG_WARN_BLOCK_CAPTURE_AUTORELEASING = YES;
				CLANG_WARN_BOOL_CONVERSION = YES;
				CLANG_WARN_COMMA = YES;
				CLANG_WARN_CONSTANT_CONVERSION = YES;
				CLANG_WARN_DEPRECATED_OBJC_IMPLEMENTATIONS = YES;
				CLANG_WARN_DIRECT_OBJC_ISA_USAGE = YES_ERROR;
				CLANG_WARN_DOCUMENTATION_COMMENTS = YES;
				CLANG_WARN_EMPTY_BODY = YES;
				CLANG_WARN_ENUM_CONVERSION = YES;
				CLANG_WARN_INFINITE_RECURSION = YES;
				CLANG_WARN_INT_CONVERSION = YES;
				CLANG_WARN_NON_LITERAL_NULL_CONVERSION = YES;
				CLANG_WARN_OBJC_IMPLICIT_RETAIN_SELF = YES;
				CLANG_WARN_OBJC_LITERAL_CONVERSION = YES;
				CLANG_WARN_OBJC_ROOT_CLASS = YES_ERROR;
				CLANG_WARN_QUOTED_INCLUDE_IN_FRAMEWORK_HEADER = YES;
				CLANG_WARN_RANGE_LOOP_ANALYSIS = YES;
				CLANG_WARN_STRICT_PROTOTYPES = YES;
				CLANG_WARN_SUSPICIOUS_MOVE = YES;
				CLANG_WARN_UNGUARDED_AVAILABILITY = YES_AGGRESSIVE;
				CLANG_WARN_UNREACHABLE_CODE = YES;
				CLANG_WARN__DUPLICATE_METHOD_MATCH = YES;
				COPY_PHASE_STRIP = NO;
				DEBUG_INFORMATION_FORMAT = "dwarf-with-dsym";
				ENABLE_NS_ASSERTIONS = NO;
				ENABLE_STRICT_OBJC_MSGSEND = YES;
				GCC_C_LANGUAGE_STANDARD = gnu11;
				GCC_NO_COMMON_BLOCKS = YES;
				GCC_WARN_64_TO_32_BIT_CONVERSION = YES;
				GCC_WARN_ABOUT_RETURN_TYPE = YES_ERROR;
				GCC_WARN_UNDECLARED_SELECTOR = YES;
				GCC_WARN_UNINITIALIZED_AUTOS = YES_AGGRESSIVE;
				GCC_WARN_UNUSED_FUNCTION = YES;
				GCC_WARN_UNUSED_VARIABLE = YES;
				IPHONEOS_DEPLOYMENT_TARGET = 15.5;
				MTL_ENABLE_DEBUG_INFO = NO;
				MTL_FAST_MATH = YES;
				SDKROOT = iphoneos;
				SWIFT_COMPILATION_MODE = wholemodule;
				SWIFT_OPTIMIZATION_LEVEL = "-O";
				VALIDATE_PRODUCT = YES;
			};
			name = Release;
		};
		3B94DDE729104CA800CA9A20 /* Debug */ = {
			isa = XCBuildConfiguration;
			buildSettings = {
				ASSETCATALOG_COMPILER_APPICON_NAME = AppIcon;
				ASSETCATALOG_COMPILER_GLOBAL_ACCENT_COLOR_NAME = AccentColor;
				CODE_SIGN_STYLE = Automatic;
				CURRENT_PROJECT_VERSION = 1;
				GENERATE_INFOPLIST_FILE = YES;
				INFOPLIST_FILE = chullunquiaCarlosSnapchat/Info.plist;
				INFOPLIST_KEY_UIApplicationSupportsIndirectInputEvents = YES;
				INFOPLIST_KEY_UILaunchStoryboardName = LaunchScreen;
				INFOPLIST_KEY_UIMainStoryboardFile = Main;
				INFOPLIST_KEY_UISupportedInterfaceOrientations_iPad = "UIInterfaceOrientationPortrait UIInterfaceOrientationPortraitUpsideDown UIInterfaceOrientationLandscapeLeft UIInterfaceOrientationLandscapeRight";
				INFOPLIST_KEY_UISupportedInterfaceOrientations_iPhone = "UIInterfaceOrientationPortrait UIInterfaceOrientationLandscapeLeft UIInterfaceOrientationLandscapeRight";
				LD_RUNPATH_SEARCH_PATHS = (
					"$(inherited)",
					"@executable_path/Frameworks",
				);
				MARKETING_VERSION = 1.0;
				PRODUCT_BUNDLE_IDENTIFIER = com.miempresa.chullunquiaCarlosSnapchat;
				PRODUCT_NAME = "$(TARGET_NAME)";
				SWIFT_EMIT_LOC_STRINGS = YES;
				SWIFT_VERSION = 5.0;
				TARGETED_DEVICE_FAMILY = "1,2";
			};
			name = Debug;
		};
		3B94DDE829104CA800CA9A20 /* Release */ = {
			isa = XCBuildConfiguration;
			buildSettings = {
				ASSETCATALOG_COMPILER_APPICON_NAME = AppIcon;
				ASSETCATALOG_COMPILER_GLOBAL_ACCENT_COLOR_NAME = AccentColor;
				CODE_SIGN_STYLE = Automatic;
				CURRENT_PROJECT_VERSION = 1;
				GENERATE_INFOPLIST_FILE = YES;
				INFOPLIST_FILE = chullunquiaCarlosSnapchat/Info.plist;
				INFOPLIST_KEY_UIApplicationSupportsIndirectInputEvents = YES;
				INFOPLIST_KEY_UILaunchStoryboardName = LaunchScreen;
				INFOPLIST_KEY_UIMainStoryboardFile = Main;
				INFOPLIST_KEY_UISupportedInterfaceOrientations_iPad = "UIInterfaceOrientationPortrait UIInterfaceOrientationPortraitUpsideDown UIInterfaceOrientationLandscapeLeft UIInterfaceOrientationLandscapeRight";
				INFOPLIST_KEY_UISupportedInterfaceOrientations_iPhone = "UIInterfaceOrientationPortrait UIInterfaceOrientationLandscapeLeft UIInterfaceOrientationLandscapeRight";
				LD_RUNPATH_SEARCH_PATHS = (
					"$(inherited)",
					"@executable_path/Frameworks",
				);
				MARKETING_VERSION = 1.0;
				PRODUCT_BUNDLE_IDENTIFIER = com.miempresa.chullunquiaCarlosSnapchat;
				PRODUCT_NAME = "$(TARGET_NAME)";
				SWIFT_EMIT_LOC_STRINGS = YES;
				SWIFT_VERSION = 5.0;
				TARGETED_DEVICE_FAMILY = "1,2";
			};
			name = Release;
		};
/* End XCBuildConfiguration section */

/* Begin XCConfigurationList section */
		3B94DDCD29104CA800CA9A20 /* Build configuration list for PBXProject "chullunquiaCarlosSnapchat" */ = {
			isa = XCConfigurationList;
			buildConfigurations = (
				3B94DDE429104CA800CA9A20 /* Debug */,
				3B94DDE529104CA800CA9A20 /* Release */,
			);
			defaultConfigurationIsVisible = 0;
			defaultConfigurationName = Release;
		};
		3B94DDE629104CA800CA9A20 /* Build configuration list for PBXNativeTarget "chullunquiaCarlosSnapchat" */ = {
			isa = XCConfigurationList;
			buildConfigurations = (
				3B94DDE729104CA800CA9A20 /* Debug */,
				3B94DDE829104CA800CA9A20 /* Release */,
			);
			defaultConfigurationIsVisible = 0;
			defaultConfigurationName = Release;
		};
/* End XCConfigurationList section */

/* Begin XCRemoteSwiftPackageReference section */
		3B037FBC2910667E00856AB7 /* XCRemoteSwiftPackageReference "firebase-ios-sdk" */ = {
			isa = XCRemoteSwiftPackageReference;
			repositoryURL = "https://github.com/firebase/firebase-ios-sdk";
			requirement = {
				kind = upToNextMajorVersion;
				minimumVersion = 9.0.0;
			};
		};
		3B933A2F2919AE780062DDA3 /* XCRemoteSwiftPackageReference "firebase-ios-sdk" */ = {
			isa = XCRemoteSwiftPackageReference;
			repositoryURL = "https://github.com/firebase/firebase-ios-sdk";
			requirement = {
				branch = master;
				kind = branch;
			};
		};
		3BACF5C62922DD60008A196F /* XCRemoteSwiftPackageReference "SDWebImage" */ = {
			isa = XCRemoteSwiftPackageReference;
			repositoryURL = "https://github.com/SDWebImage/SDWebImage.git";
			requirement = {
				kind = upToNextMajorVersion;
				minimumVersion = 5.0.0;
			};
		};
/* End XCRemoteSwiftPackageReference section */

/* Begin XCSwiftPackageProductDependency section */
		3B037FBD2910667E00856AB7 /* FirebaseAuth */ = {
			isa = XCSwiftPackageProductDependency;
			package = 3B037FBC2910667E00856AB7 /* XCRemoteSwiftPackageReference "firebase-ios-sdk" */;
			productName = FirebaseAuth;
		};
		3B933A302919AE780062DDA3 /* FirebaseAnalytics */ = {
			isa = XCSwiftPackageProductDependency;
			package = 3B933A2F2919AE780062DDA3 /* XCRemoteSwiftPackageReference "firebase-ios-sdk" */;
			productName = FirebaseAnalytics;
		};
		3B933A322919AE780062DDA3 /* FirebaseAnalyticsWithoutAdIdSupport */ = {
			isa = XCSwiftPackageProductDependency;
			package = 3B933A2F2919AE780062DDA3 /* XCRemoteSwiftPackageReference "firebase-ios-sdk" */;
			productName = FirebaseAnalyticsWithoutAdIdSupport;
		};
		3B933A342919AE780062DDA3 /* FirebaseAuth */ = {
			isa = XCSwiftPackageProductDependency;
			package = 3B933A2F2919AE780062DDA3 /* XCRemoteSwiftPackageReference "firebase-ios-sdk" */;
			productName = FirebaseAuth;
		};
		3B933A362919AE780062DDA3 /* FirebaseDatabase */ = {
			isa = XCSwiftPackageProductDependency;
			package = 3B933A2F2919AE780062DDA3 /* XCRemoteSwiftPackageReference "firebase-ios-sdk" */;
			productName = FirebaseDatabase;
		};
		3B933A382919AE780062DDA3 /* FirebaseStorage */ = {
			isa = XCSwiftPackageProductDependency;
			package = 3B933A2F2919AE780062DDA3 /* XCRemoteSwiftPackageReference "firebase-ios-sdk" */;
			productName = FirebaseStorage;
		};
		3BACF5C72922DD60008A196F /* SDWebImage */ = {
			isa = XCSwiftPackageProductDependency;
			package = 3BACF5C62922DD60008A196F /* XCRemoteSwiftPackageReference "SDWebImage" */;
			productName = SDWebImage;
		};
/* End XCSwiftPackageProductDependency section */
	};
	rootObject = 3B94DDCA29104CA800CA9A20 /* Project object */;
}
